
Microsoft Visual Studio Solution File, Format Version 12.00
# Visual Studio Version 17
VisualStudioVersion = 17.8.34322.80
MinimumVisualStudioVersion = 10.0.40219.1
Project("{FAE04EC0-301F-11D3-BF4B-00C04F79EFBC}") = "Class Methods", "Class Methods.csproj", "{FFD4702D-35FF-4753-BDE2-BA108F531BD4}"
EndProject
Global
	GlobalSection(SolutionConfigurationPlatforms) = preSolution
		Debug|Any CPU = Debug|Any CPU
		Release|Any CPU = Release|Any CPU
	EndGlobalSection
	GlobalSection(ProjectConfigurationPlatforms) = postSolution
		{FFD4702D-35FF-4753-BDE2-BA108F531BD4}.Debug|Any CPU.ActiveCfg = Debug|Any CPU
		{FFD4702D-35FF-4753-BDE2-BA108F531BD4}.Debug|Any CPU.Build.0 = Debug|Any CPU
		{FFD4702D-35FF-4753-BDE2-BA108F531BD4}.Release|Any CPU.ActiveCfg = Release|Any CPU
		{FFD4702D-35FF-4753-BDE2-BA108F531BD4}.Release|Any CPU.Build.0 = Release|Any CPU
	EndGlobalSection
	GlobalSection(SolutionProperties) = preSolution
		HideSolutionNode = FALSE
	EndGlobalSection
	GlobalSection(ExtensibilityGlobals) = postSolution
		SolutionGuid = {C2B7DF4D-33A4-4525-BE9F-8642FE5D7A28}
	EndGlobalSection
EndGlobal
